
Microsoft Visual Studio Solution File, Format Version 12.00
# Visual Studio 15
VisualStudioVersion = 15.0.28307.106
MinimumVisualStudioVersion = 10.0.40219.1
Project("{FAE04EC0-301F-11D3-BF4B-00C04F79EFBC}") = "RentCar", "RentCar\RentCar.csproj", "{BF5F8139-335E-4A5F-A700-EF73FDF82773}"
EndProject
Project("{FAE04EC0-301F-11D3-BF4B-00C04F79EFBC}") = "RentCar.Tests", "RentCar.Tests\RentCar.Tests.csproj", "{BDA522F6-BA94-4116-B0D9-7639E15F9BD6}"
EndProject
Global
	GlobalSection(SolutionConfigurationPlatforms) = preSolution
		Debug|Any CPU = Debug|Any CPU
		Release|Any CPU = Release|Any CPU
	EndGlobalSection
	GlobalSection(ProjectConfigurationPlatforms) = postSolution
		{BF5F8139-335E-4A5F-A700-EF73FDF82773}.Debug|Any CPU.ActiveCfg = Debug|Any CPU
		{BF5F8139-335E-4A5F-A700-EF73FDF82773}.Debug|Any CPU.Build.0 = Debug|Any CPU
		{BF5F8139-335E-4A5F-A700-EF73FDF82773}.Release|Any CPU.ActiveCfg = Release|Any CPU
		{BF5F8139-335E-4A5F-A700-EF73FDF82773}.Release|Any CPU.Build.0 = Release|Any CPU
		{BDA522F6-BA94-4116-B0D9-7639E15F9BD6}.Debug|Any CPU.ActiveCfg = Debug|Any CPU
		{BDA522F6-BA94-4116-B0D9-7639E15F9BD6}.Debug|Any CPU.Build.0 = Debug|Any CPU
		{BDA522F6-BA94-4116-B0D9-7639E15F9BD6}.Release|Any CPU.ActiveCfg = Release|Any CPU
		{BDA522F6-BA94-4116-B0D9-7639E15F9BD6}.Release|Any CPU.Build.0 = Release|Any CPU
	EndGlobalSection
	GlobalSection(SolutionProperties) = preSolution
		HideSolutionNode = FALSE
	EndGlobalSection
	GlobalSection(ExtensibilityGlobals) = postSolution
		SolutionGuid = {07DB588A-4C0E-4D3E-9D7B-A37C92EC2149}
	EndGlobalSection
EndGlobal
